// !$*UTF8*$!
{
	archiveVersion = 1;
	classes = {
	};
	objectVersion = 55;
	objects = {

/* Begin PBXBuildFile section */
		C60D2DDC2D688FAB0051A371 /* CryptoViewCell.swift in Sources */ = {isa = PBXBuildFile; fileRef = C60D2DDB2D688FAB0051A371 /* CryptoViewCell.swift */; };
		C60D2DDE2D6890030051A371 /* CellsConst.swift in Sources */ = {isa = PBXBuildFile; fileRef = C60D2DDD2D6890030051A371 /* CellsConst.swift */; };
		C60D2DF92D68C2BE0051A371 /* SVGKit in Frameworks */ = {isa = PBXBuildFile; productRef = C60D2DF82D68C2BE0051A371 /* SVGKit */; };
		C60D2DFB2D68C2BE0051A371 /* SVGKitSwift in Frameworks */ = {isa = PBXBuildFile; productRef = C60D2DFA2D68C2BE0051A371 /* SVGKitSwift */; };
		C60D2DFD2D68C7160051A371 /* CryptoModel.swift in Sources */ = {isa = PBXBuildFile; fileRef = C60D2DFC2D68C7160051A371 /* CryptoModel.swift */; };
		C60D2DFF2D69107D0051A371 /* APIManager.swift in Sources */ = {isa = PBXBuildFile; fileRef = C60D2DFE2D69107D0051A371 /* APIManager.swift */; };
		C60D2E012D6911910051A371 /* CryptoViewModel.swift in Sources */ = {isa = PBXBuildFile; fileRef = C60D2E002D6911910051A371 /* CryptoViewModel.swift */; };
		C60D2E032D6916970051A371 /* FavouriteScreen.swift in Sources */ = {isa = PBXBuildFile; fileRef = C60D2E022D6916970051A371 /* FavouriteScreen.swift */; };
		C60D2E052D6916C20051A371 /* CryptoDetailsScreen.swift in Sources */ = {isa = PBXBuildFile; fileRef = C60D2E042D6916C20051A371 /* CryptoDetailsScreen.swift */; };
		C60D2E072D6917540051A371 /* CoinListViewController.swift in Sources */ = {isa = PBXBuildFile; fileRef = C60D2E062D6917540051A371 /* CoinListViewController.swift */; };
		C60D2E0B2D69AE4B0051A371 /* FavoriteCoinViewController.swift in Sources */ = {isa = PBXBuildFile; fileRef = C60D2E0A2D69AE4B0051A371 /* FavoriteCoinViewController.swift */; };
		C60D2E132D71F87F0051A371 /* SwiftUICharts in Frameworks */ = {isa = PBXBuildFile; productRef = C60D2E122D71F87F0051A371 /* SwiftUICharts */; };
		C60D2E1B2D7271050051A371 /* APIManagerTests.swift in Sources */ = {isa = PBXBuildFile; fileRef = C60D2E1A2D7271050051A371 /* APIManagerTests.swift */; };
		C6BD7B422D6728AA003122D7 /* Crypto_Ranking_AppApp.swift in Sources */ = {isa = PBXBuildFile; fileRef = C6BD7B412D6728AA003122D7 /* Crypto_Ranking_AppApp.swift */; };
		C6BD7B442D6728AA003122D7 /* ContentView.swift in Sources */ = {isa = PBXBuildFile; fileRef = C6BD7B432D6728AA003122D7 /* ContentView.swift */; };
		C6BD7B462D6728AF003122D7 /* Assets.xcassets in Resources */ = {isa = PBXBuildFile; fileRef = C6BD7B452D6728AF003122D7 /* Assets.xcassets */; };
		C6BD7B492D6728AF003122D7 /* Preview Assets.xcassets in Resources */ = {isa = PBXBuildFile; fileRef = C6BD7B482D6728AF003122D7 /* Preview Assets.xcassets */; };
		C6BD7B532D6728AF003122D7 /* Crypto_Ranking_AppTests.swift in Sources */ = {isa = PBXBuildFile; fileRef = C6BD7B522D6728AF003122D7 /* Crypto_Ranking_AppTests.swift */; };
		C6BD7B5D2D6728B0003122D7 /* Crypto_Ranking_AppUITests.swift in Sources */ = {isa = PBXBuildFile; fileRef = C6BD7B5C2D6728B0003122D7 /* Crypto_Ranking_AppUITests.swift */; };
		C6BD7B5F2D6728B0003122D7 /* Crypto_Ranking_AppUITestsLaunchTests.swift in Sources */ = {isa = PBXBuildFile; fileRef = C6BD7B5E2D6728B0003122D7 /* Crypto_Ranking_AppUITestsLaunchTests.swift */; };
/* End PBXBuildFile section */

/* Begin PBXContainerItemProxy section */
		C60D2E1C2D7271050051A371 /* PBXContainerItemProxy */ = {
			isa = PBXContainerItemProxy;
			containerPortal = C6BD7B362D6728AA003122D7 /* Project object */;
			proxyType = 1;
			remoteGlobalIDString = C6BD7B3D2D6728AA003122D7;
			remoteInfo = "Crypto Ranking App";
		};
		C6BD7B4F2D6728AF003122D7 /* PBXContainerItemProxy */ = {
			isa = PBXContainerItemProxy;
			containerPortal = C6BD7B362D6728AA003122D7 /* Project object */;
			proxyType = 1;
			remoteGlobalIDString = C6BD7B3D2D6728AA003122D7;
			remoteInfo = "Crypto Ranking App";
		};
		C6BD7B592D6728B0003122D7 /* PBXContainerItemProxy */ = {
			isa = PBXContainerItemProxy;
			containerPortal = C6BD7B362D6728AA003122D7 /* Project object */;
			proxyType = 1;
			remoteGlobalIDString = C6BD7B3D2D6728AA003122D7;
			remoteInfo = "Crypto Ranking App";
		};
/* End PBXContainerItemProxy section */

/* Begin PBXFileReference section */
		C60D2DDB2D688FAB0051A371 /* CryptoViewCell.swift */ = {isa = PBXFileReference; lastKnownFileType = sourcecode.swift; path = CryptoViewCell.swift; sourceTree = "<group>"; };
		C60D2DDD2D6890030051A371 /* CellsConst.swift */ = {isa = PBXFileReference; lastKnownFileType = sourcecode.swift; path = CellsConst.swift; sourceTree = "<group>"; };
		C60D2DFC2D68C7160051A371 /* CryptoModel.swift */ = {isa = PBXFileReference; lastKnownFileType = sourcecode.swift; path = CryptoModel.swift; sourceTree = "<group>"; };
		C60D2DFE2D69107D0051A371 /* APIManager.swift */ = {isa = PBXFileReference; lastKnownFileType = sourcecode.swift; path = APIManager.swift; sourceTree = "<group>"; };
		C60D2E002D6911910051A371 /* CryptoViewModel.swift */ = {isa = PBXFileReference; lastKnownFileType = sourcecode.swift; path = CryptoViewModel.swift; sourceTree = "<group>"; };
		C60D2E022D6916970051A371 /* FavouriteScreen.swift */ = {isa = PBXFileReference; lastKnownFileType = sourcecode.swift; path = FavouriteScreen.swift; sourceTree = "<group>"; };
		C60D2E042D6916C20051A371 /* CryptoDetailsScreen.swift */ = {isa = PBXFileReference; lastKnownFileType = sourcecode.swift; path = CryptoDetailsScreen.swift; sourceTree = "<group>"; };
		C60D2E062D6917540051A371 /* CoinListViewController.swift */ = {isa = PBXFileReference; lastKnownFileType = sourcecode.swift; path = CoinListViewController.swift; sourceTree = "<group>"; };
		C60D2E0A2D69AE4B0051A371 /* FavoriteCoinViewController.swift */ = {isa = PBXFileReference; lastKnownFileType = sourcecode.swift; path = FavoriteCoinViewController.swift; sourceTree = "<group>"; };
		C60D2E182D7271050051A371 /* APIManagerTests.xctest */ = {isa = PBXFileReference; explicitFileType = wrapper.cfbundle; includeInIndex = 0; path = APIManagerTests.xctest; sourceTree = BUILT_PRODUCTS_DIR; };
		C60D2E1A2D7271050051A371 /* APIManagerTests.swift */ = {isa = PBXFileReference; lastKnownFileType = sourcecode.swift; path = APIManagerTests.swift; sourceTree = "<group>"; };
		C6BD7B3E2D6728AA003122D7 /* Crypto Ranking App.app */ = {isa = PBXFileReference; explicitFileType = wrapper.application; includeInIndex = 0; path = "Crypto Ranking App.app"; sourceTree = BUILT_PRODUCTS_DIR; };
		C6BD7B412D6728AA003122D7 /* Crypto_Ranking_AppApp.swift */ = {isa = PBXFileReference; lastKnownFileType = sourcecode.swift; path = Crypto_Ranking_AppApp.swift; sourceTree = "<group>"; };
		C6BD7B432D6728AA003122D7 /* ContentView.swift */ = {isa = PBXFileReference; lastKnownFileType = sourcecode.swift; path = ContentView.swift; sourceTree = "<group>"; };
		C6BD7B452D6728AF003122D7 /* Assets.xcassets */ = {isa = PBXFileReference; lastKnownFileType = folder.assetcatalog; path = Assets.xcassets; sourceTree = "<group>"; };
		C6BD7B482D6728AF003122D7 /* Preview Assets.xcassets */ = {isa = PBXFileReference; lastKnownFileType = folder.assetcatalog; path = "Preview Assets.xcassets"; sourceTree = "<group>"; };
		C6BD7B4E2D6728AF003122D7 /* Crypto Ranking AppTests.xctest */ = {isa = PBXFileReference; explicitFileType = wrapper.cfbundle; includeInIndex = 0; path = "Crypto Ranking AppTests.xctest"; sourceTree = BUILT_PRODUCTS_DIR; };
		C6BD7B522D6728AF003122D7 /* Crypto_Ranking_AppTests.swift */ = {isa = PBXFileReference; lastKnownFileType = sourcecode.swift; path = Crypto_Ranking_AppTests.swift; sourceTree = "<group>"; };
		C6BD7B582D6728B0003122D7 /* Crypto Ranking AppUITests.xctest */ = {isa = PBXFileReference; explicitFileType = wrapper.cfbundle; includeInIndex = 0; path = "Crypto Ranking AppUITests.xctest"; sourceTree = BUILT_PRODUCTS_DIR; };
		C6BD7B5C2D6728B0003122D7 /* Crypto_Ranking_AppUITests.swift */ = {isa = PBXFileReference; lastKnownFileType = sourcecode.swift; path = Crypto_Ranking_AppUITests.swift; sourceTree = "<group>"; };
		C6BD7B5E2D6728B0003122D7 /* Crypto_Ranking_AppUITestsLaunchTests.swift */ = {isa = PBXFileReference; lastKnownFileType = sourcecode.swift; path = Crypto_Ranking_AppUITestsLaunchTests.swift; sourceTree = "<group>"; };
/* End PBXFileReference section */

/* Begin PBXFrameworksBuildPhase section */
		C60D2E152D7271050051A371 /* Frameworks */ = {
			isa = PBXFrameworksBuildPhase;
			buildActionMask = 2147483647;
			files = (
			);
			runOnlyForDeploymentPostprocessing = 0;
		};
		C6BD7B3B2D6728AA003122D7 /* Frameworks */ = {
			isa = PBXFrameworksBuildPhase;
			buildActionMask = 2147483647;
			files = (
				C60D2DFB2D68C2BE0051A371 /* SVGKitSwift in Frameworks */,
				C60D2E132D71F87F0051A371 /* SwiftUICharts in Frameworks */,
				C60D2DF92D68C2BE0051A371 /* SVGKit in Frameworks */,
			);
			runOnlyForDeploymentPostprocessing = 0;
		};
		C6BD7B4B2D6728AF003122D7 /* Frameworks */ = {
			isa = PBXFrameworksBuildPhase;
			buildActionMask = 2147483647;
			files = (
			);
			runOnlyForDeploymentPostprocessing = 0;
		};
		C6BD7B552D6728B0003122D7 /* Frameworks */ = {
			isa = PBXFrameworksBuildPhase;
			buildActionMask = 2147483647;
			files = (
			);
			runOnlyForDeploymentPostprocessing = 0;
		};
/* End PBXFrameworksBuildPhase section */

/* Begin PBXGroup section */
		C60D2DDA2D688DCE0051A371 /* Cells */ = {
			isa = PBXGroup;
			children = (
				C60D2DDB2D688FAB0051A371 /* CryptoViewCell.swift */,
			);
			path = Cells;
			sourceTree = "<group>";
		};
		C60D2E192D7271050051A371 /* APIManagerTests */ = {
			isa = PBXGroup;
			children = (
				C60D2E1A2D7271050051A371 /* APIManagerTests.swift */,
			);
			path = APIManagerTests;
			sourceTree = "<group>";
		};
		C6BD7B352D6728AA003122D7 = {
			isa = PBXGroup;
			children = (
				C6BD7B402D6728AA003122D7 /* Crypto Ranking App */,
				C6BD7B512D6728AF003122D7 /* Crypto Ranking AppTests */,
				C6BD7B5B2D6728B0003122D7 /* Crypto Ranking AppUITests */,
				C60D2E192D7271050051A371 /* APIManagerTests */,
				C6BD7B3F2D6728AA003122D7 /* Products */,
			);
			sourceTree = "<group>";
		};
		C6BD7B3F2D6728AA003122D7 /* Products */ = {
			isa = PBXGroup;
			children = (
				C6BD7B3E2D6728AA003122D7 /* Crypto Ranking App.app */,
				C6BD7B4E2D6728AF003122D7 /* Crypto Ranking AppTests.xctest */,
				C6BD7B582D6728B0003122D7 /* Crypto Ranking AppUITests.xctest */,
				C60D2E182D7271050051A371 /* APIManagerTests.xctest */,
			);
			name = Products;
			sourceTree = "<group>";
		};
		C6BD7B402D6728AA003122D7 /* Crypto Ranking App */ = {
			isa = PBXGroup;
			children = (
				C60D2DDA2D688DCE0051A371 /* Cells */,
				C60D2DDD2D6890030051A371 /* CellsConst.swift */,
				C6BD7B722D675732003122D7 /* Controllers */,
				C6BD7B712D67571F003122D7 /* Utils */,
				C6BD7B702D675711003122D7 /* Views */,
				C6BD7B6F2D675708003122D7 /* Models */,
				C6BD7B6E2D67569E003122D7 /* ViewModel */,
				C6BD7B412D6728AA003122D7 /* Crypto_Ranking_AppApp.swift */,
				C6BD7B432D6728AA003122D7 /* ContentView.swift */,
				C6BD7B452D6728AF003122D7 /* Assets.xcassets */,
				C6BD7B472D6728AF003122D7 /* Preview Content */,
			);
			path = "Crypto Ranking App";
			sourceTree = "<group>";
		};
		C6BD7B472D6728AF003122D7 /* Preview Content */ = {
			isa = PBXGroup;
			children = (
				C6BD7B482D6728AF003122D7 /* Preview Assets.xcassets */,
			);
			path = "Preview Content";
			sourceTree = "<group>";
		};
		C6BD7B512D6728AF003122D7 /* Crypto Ranking AppTests */ = {
			isa = PBXGroup;
			children = (
				C6BD7B522D6728AF003122D7 /* Crypto_Ranking_AppTests.swift */,
			);
			path = "Crypto Ranking AppTests";
			sourceTree = "<group>";
		};
		C6BD7B5B2D6728B0003122D7 /* Crypto Ranking AppUITests */ = {
			isa = PBXGroup;
			children = (
				C6BD7B5C2D6728B0003122D7 /* Crypto_Ranking_AppUITests.swift */,
				C6BD7B5E2D6728B0003122D7 /* Crypto_Ranking_AppUITestsLaunchTests.swift */,
			);
			path = "Crypto Ranking AppUITests";
			sourceTree = "<group>";
		};
		C6BD7B6E2D67569E003122D7 /* ViewModel */ = {
			isa = PBXGroup;
			children = (
				C60D2E002D6911910051A371 /* CryptoViewModel.swift */,
			);
			path = ViewModel;
			sourceTree = "<group>";
		};
		C6BD7B6F2D675708003122D7 /* Models */ = {
			isa = PBXGroup;
			children = (
				C60D2DFC2D68C7160051A371 /* CryptoModel.swift */,
			);
			path = Models;
			sourceTree = "<group>";
		};
		C6BD7B702D675711003122D7 /* Views */ = {
			isa = PBXGroup;
			children = (
				C60D2E022D6916970051A371 /* FavouriteScreen.swift */,
				C60D2E042D6916C20051A371 /* CryptoDetailsScreen.swift */,
			);
			path = Views;
			sourceTree = "<group>";
		};
		C6BD7B712D67571F003122D7 /* Utils */ = {
			isa = PBXGroup;
			children = (
				C60D2DFE2D69107D0051A371 /* APIManager.swift */,
			);
			path = Utils;
			sourceTree = "<group>";
		};
		C6BD7B722D675732003122D7 /* Controllers */ = {
			isa = PBXGroup;
			children = (
				C60D2E062D6917540051A371 /* CoinListViewController.swift */,
				C60D2E0A2D69AE4B0051A371 /* FavoriteCoinViewController.swift */,
			);
			path = Controllers;
			sourceTree = "<group>";
		};
/* End PBXGroup section */

/* Begin PBXNativeTarget section */
		C60D2E172D7271050051A371 /* APIManagerTests */ = {
			isa = PBXNativeTarget;
			buildConfigurationList = C60D2E1E2D7271050051A371 /* Build configuration list for PBXNativeTarget "APIManagerTests" */;
			buildPhases = (
				C60D2E142D7271050051A371 /* Sources */,
				C60D2E152D7271050051A371 /* Frameworks */,
				C60D2E162D7271050051A371 /* Resources */,
			);
			buildRules = (
			);
			dependencies = (
				C60D2E1D2D7271050051A371 /* PBXTargetDependency */,
			);
			name = APIManagerTests;
			productName = APIManagerTests;
			productReference = C60D2E182D7271050051A371 /* APIManagerTests.xctest */;
			productType = "com.apple.product-type.bundle.unit-test";
		};
		C6BD7B3D2D6728AA003122D7 /* Crypto Ranking App */ = {
			isa = PBXNativeTarget;
			buildConfigurationList = C6BD7B622D6728B0003122D7 /* Build configuration list for PBXNativeTarget "Crypto Ranking App" */;
			buildPhases = (
				C6BD7B3A2D6728AA003122D7 /* Sources */,
				C6BD7B3B2D6728AA003122D7 /* Frameworks */,
				C6BD7B3C2D6728AA003122D7 /* Resources */,
			);
			buildRules = (
			);
			dependencies = (
			);
			name = "Crypto Ranking App";
			packageProductDependencies = (
				C60D2DF82D68C2BE0051A371 /* SVGKit */,
				C60D2DFA2D68C2BE0051A371 /* SVGKitSwift */,
				C60D2E122D71F87F0051A371 /* SwiftUICharts */,
			);
			productName = "Crypto Ranking App";
			productReference = C6BD7B3E2D6728AA003122D7 /* Crypto Ranking App.app */;
			productType = "com.apple.product-type.application";
		};
		C6BD7B4D2D6728AF003122D7 /* Crypto Ranking AppTests */ = {
			isa = PBXNativeTarget;
			buildConfigurationList = C6BD7B652D6728B0003122D7 /* Build configuration list for PBXNativeTarget "Crypto Ranking AppTests" */;
			buildPhases = (
				C6BD7B4A2D6728AF003122D7 /* Sources */,
				C6BD7B4B2D6728AF003122D7 /* Frameworks */,
				C6BD7B4C2D6728AF003122D7 /* Resources */,
			);
			buildRules = (
			);
			dependencies = (
				C6BD7B502D6728AF003122D7 /* PBXTargetDependency */,
			);
			name = "Crypto Ranking AppTests";
			productName = "Crypto Ranking AppTests";
			productReference = C6BD7B4E2D6728AF003122D7 /* Crypto Ranking AppTests.xctest */;
			productType = "com.apple.product-type.bundle.unit-test";
		};
		C6BD7B572D6728B0003122D7 /* Crypto Ranking AppUITests */ = {
			isa = PBXNativeTarget;
			buildConfigurationList = C6BD7B682D6728B0003122D7 /* Build configuration list for PBXNativeTarget "Crypto Ranking AppUITests" */;
			buildPhases = (
				C6BD7B542D6728B0003122D7 /* Sources */,
				C6BD7B552D6728B0003122D7 /* Frameworks */,
				C6BD7B562D6728B0003122D7 /* Resources */,
			);
			buildRules = (
			);
			dependencies = (
				C6BD7B5A2D6728B0003122D7 /* PBXTargetDependency */,
			);
			name = "Crypto Ranking AppUITests";
			productName = "Crypto Ranking AppUITests";
			productReference = C6BD7B582D6728B0003122D7 /* Crypto Ranking AppUITests.xctest */;
			productType = "com.apple.product-type.bundle.ui-testing";
		};
/* End PBXNativeTarget section */

/* Begin PBXProject section */
		C6BD7B362D6728AA003122D7 /* Project object */ = {
			isa = PBXProject;
			attributes = {
				BuildIndependentTargetsInParallel = 1;
				LastSwiftUpdateCheck = 1340;
				LastUpgradeCheck = 1340;
				TargetAttributes = {
					C60D2E172D7271050051A371 = {
						CreatedOnToolsVersion = 13.4.1;
						TestTargetID = C6BD7B3D2D6728AA003122D7;
					};
					C6BD7B3D2D6728AA003122D7 = {
						CreatedOnToolsVersion = 13.4.1;
					};
					C6BD7B4D2D6728AF003122D7 = {
						CreatedOnToolsVersion = 13.4.1;
						TestTargetID = C6BD7B3D2D6728AA003122D7;
					};
					C6BD7B572D6728B0003122D7 = {
						CreatedOnToolsVersion = 13.4.1;
						TestTargetID = C6BD7B3D2D6728AA003122D7;
					};
				};
			};
			buildConfigurationList = C6BD7B392D6728AA003122D7 /* Build configuration list for PBXProject "Crypto Ranking App" */;
			compatibilityVersion = "Xcode 13.0";
			developmentRegion = en;
			hasScannedForEncodings = 0;
			knownRegions = (
				en,
				Base,
			);
			mainGroup = C6BD7B352D6728AA003122D7;
			packageReferences = (
				C60D2DF72D68C2BE0051A371 /* XCRemoteSwiftPackageReference "SVGKit" */,
				C60D2E112D71F87F0051A371 /* XCRemoteSwiftPackageReference "ChartView" */,
			);
			productRefGroup = C6BD7B3F2D6728AA003122D7 /* Products */;
			projectDirPath = "";
			projectRoot = "";
			targets = (
				C6BD7B3D2D6728AA003122D7 /* Crypto Ranking App */,
				C6BD7B4D2D6728AF003122D7 /* Crypto Ranking AppTests */,
				C6BD7B572D6728B0003122D7 /* Crypto Ranking AppUITests */,
				C60D2E172D7271050051A371 /* APIManagerTests */,
			);
		};
/* End PBXProject section */

/* Begin PBXResourcesBuildPhase section */
		C60D2E162D7271050051A371 /* Resources */ = {
			isa = PBXResourcesBuildPhase;
			buildActionMask = 2147483647;
			files = (
			);
			runOnlyForDeploymentPostprocessing = 0;
		};
		C6BD7B3C2D6728AA003122D7 /* Resources */ = {
			isa = PBXResourcesBuildPhase;
			buildActionMask = 2147483647;
			files = (
				C6BD7B492D6728AF003122D7 /* Preview Assets.xcassets in Resources */,
				C6BD7B462D6728AF003122D7 /* Assets.xcassets in Resources */,
			);
			runOnlyForDeploymentPostprocessing = 0;
		};
		C6BD7B4C2D6728AF003122D7 /* Resources */ = {
			isa = PBXResourcesBuildPhase;
			buildActionMask = 2147483647;
			files = (
			);
			runOnlyForDeploymentPostprocessing = 0;
		};
		C6BD7B562D6728B0003122D7 /* Resources */ = {
			isa = PBXResourcesBuildPhase;
			buildActionMask = 2147483647;
			files = (
			);
			runOnlyForDeploymentPostprocessing = 0;
		};
/* End PBXResourcesBuildPhase section */

/* Begin PBXSourcesBuildPhase section */
		C60D2E142D7271050051A371 /* Sources */ = {
			isa = PBXSourcesBuildPhase;
			buildActionMask = 2147483647;
			files = (
				C60D2E1B2D7271050051A371 /* APIManagerTests.swift in Sources */,
			);
			runOnlyForDeploymentPostprocessing = 0;
		};
		C6BD7B3A2D6728AA003122D7 /* Sources */ = {
			isa = PBXSourcesBuildPhase;
			buildActionMask = 2147483647;
			files = (
				C60D2DFD2D68C7160051A371 /* CryptoModel.swift in Sources */,
				C60D2E052D6916C20051A371 /* CryptoDetailsScreen.swift in Sources */,
				C6BD7B442D6728AA003122D7 /* ContentView.swift in Sources */,
				C60D2E072D6917540051A371 /* CoinListViewController.swift in Sources */,
				C60D2DDE2D6890030051A371 /* CellsConst.swift in Sources */,
				C6BD7B422D6728AA003122D7 /* Crypto_Ranking_AppApp.swift in Sources */,
				C60D2E0B2D69AE4B0051A371 /* FavoriteCoinViewController.swift in Sources */,
				C60D2E012D6911910051A371 /* CryptoViewModel.swift in Sources */,
				C60D2DDC2D688FAB0051A371 /* CryptoViewCell.swift in Sources */,
				C60D2E032D6916970051A371 /* FavouriteScreen.swift in Sources */,
				C60D2DFF2D69107D0051A371 /* APIManager.swift in Sources */,
			);
			runOnlyForDeploymentPostprocessing = 0;
		};
		C6BD7B4A2D6728AF003122D7 /* Sources */ = {
			isa = PBXSourcesBuildPhase;
			buildActionMask = 2147483647;
			files = (
				C6BD7B532D6728AF003122D7 /* Crypto_Ranking_AppTests.swift in Sources */,
			);
			runOnlyForDeploymentPostprocessing = 0;
		};
		C6BD7B542D6728B0003122D7 /* Sources */ = {
			isa = PBXSourcesBuildPhase;
			buildActionMask = 2147483647;
			files = (
				C6BD7B5F2D6728B0003122D7 /* Crypto_Ranking_AppUITestsLaunchTests.swift in Sources */,
				C6BD7B5D2D6728B0003122D7 /* Crypto_Ranking_AppUITests.swift in Sources */,
			);
			runOnlyForDeploymentPostprocessing = 0;
		};
/* End PBXSourcesBuildPhase section */

/* Begin PBXTargetDependency section */
		C60D2E1D2D7271050051A371 /* PBXTargetDependency */ = {
			isa = PBXTargetDependency;
			target = C6BD7B3D2D6728AA003122D7 /* Crypto Ranking App */;
			targetProxy = C60D2E1C2D7271050051A371 /* PBXContainerItemProxy */;
		};
		C6BD7B502D6728AF003122D7 /* PBXTargetDependency */ = {
			isa = PBXTargetDependency;
			target = C6BD7B3D2D6728AA003122D7 /* Crypto Ranking App */;
			targetProxy = C6BD7B4F2D6728AF003122D7 /* PBXContainerItemProxy */;
		};
		C6BD7B5A2D6728B0003122D7 /* PBXTargetDependency */ = {
			isa = PBXTargetDependency;
			target = C6BD7B3D2D6728AA003122D7 /* Crypto Ranking App */;
			targetProxy = C6BD7B592D6728B0003122D7 /* PBXContainerItemProxy */;
		};
/* End PBXTargetDependency section */

/* Begin XCBuildConfiguration section */
		C60D2E1F2D7271050051A371 /* Debug */ = {
			isa = XCBuildConfiguration;
			buildSettings = {
				BUNDLE_LOADER = "$(TEST_HOST)";
				CODE_SIGN_STYLE = Automatic;
				CURRENT_PROJECT_VERSION = 1;
				GENERATE_INFOPLIST_FILE = YES;
				MARKETING_VERSION = 1.0;
				PRODUCT_BUNDLE_IDENTIFIER = com.polnash.APIManagerTests;
				PRODUCT_NAME = "$(TARGET_NAME)";
				SWIFT_EMIT_LOC_STRINGS = NO;
				SWIFT_VERSION = 5.0;
				TARGETED_DEVICE_FAMILY = "1,2";
				TEST_HOST = "$(BUILT_PRODUCTS_DIR)/Crypto Ranking App.app/Crypto Ranking App";
			};
			name = Debug;
		};
		C60D2E202D7271050051A371 /* Release */ = {
			isa = XCBuildConfiguration;
			buildSettings = {
				BUNDLE_LOADER = "$(TEST_HOST)";
				CODE_SIGN_STYLE = Automatic;
				CURRENT_PROJECT_VERSION = 1;
				GENERATE_INFOPLIST_FILE = YES;
				MARKETING_VERSION = 1.0;
				PRODUCT_BUNDLE_IDENTIFIER = com.polnash.APIManagerTests;
				PRODUCT_NAME = "$(TARGET_NAME)";
				SWIFT_EMIT_LOC_STRINGS = NO;
				SWIFT_VERSION = 5.0;
				TARGETED_DEVICE_FAMILY = "1,2";
				TEST_HOST = "$(BUILT_PRODUCTS_DIR)/Crypto Ranking App.app/Crypto Ranking App";
			};
			name = Release;
		};
		C6BD7B602D6728B0003122D7 /* Debug */ = {
			isa = XCBuildConfiguration;
			buildSettings = {
				ALWAYS_SEARCH_USER_PATHS = NO;
				CLANG_ANALYZER_NONNULL = YES;
				CLANG_ANALYZER_NUMBER_OBJECT_CONVERSION = YES_AGGRESSIVE;
				CLANG_CXX_LANGUAGE_STANDARD = "gnu++17";
				CLANG_ENABLE_MODULES = YES;
				CLANG_ENABLE_OBJC_ARC = YES;
				CLANG_ENABLE_OBJC_WEAK = YES;
				CLANG_WARN_BLOCK_CAPTURE_AUTORELEASING = YES;
				CLANG_WARN_BOOL_CONVERSION = YES;
				CLANG_WARN_COMMA = YES;
				CLANG_WARN_CONSTANT_CONVERSION = YES;
				CLANG_WARN_DEPRECATED_OBJC_IMPLEMENTATIONS = YES;
				CLANG_WARN_DIRECT_OBJC_ISA_USAGE = YES_ERROR;
				CLANG_WARN_DOCUMENTATION_COMMENTS = YES;
				CLANG_WARN_EMPTY_BODY = YES;
				CLANG_WARN_ENUM_CONVERSION = YES;
				CLANG_WARN_INFINITE_RECURSION = YES;
				CLANG_WARN_INT_CONVERSION = YES;
				CLANG_WARN_NON_LITERAL_NULL_CONVERSION = YES;
				CLANG_WARN_OBJC_IMPLICIT_RETAIN_SELF = YES;
				CLANG_WARN_OBJC_LITERAL_CONVERSION = YES;
				CLANG_WARN_OBJC_ROOT_CLASS = YES_ERROR;
				CLANG_WARN_QUOTED_INCLUDE_IN_FRAMEWORK_HEADER = YES;
				CLANG_WARN_RANGE_LOOP_ANALYSIS = YES;
				CLANG_WARN_STRICT_PROTOTYPES = YES;
				CLANG_WARN_SUSPICIOUS_MOVE = YES;
				CLANG_WARN_UNGUARDED_AVAILABILITY = YES_AGGRESSIVE;
				CLANG_WARN_UNREACHABLE_CODE = YES;
				CLANG_WARN__DUPLICATE_METHOD_MATCH = YES;
				COPY_PHASE_STRIP = NO;
				DEBUG_INFORMATION_FORMAT = dwarf;
				ENABLE_STRICT_OBJC_MSGSEND = YES;
				ENABLE_TESTABILITY = YES;
				GCC_C_LANGUAGE_STANDARD = gnu11;
				GCC_DYNAMIC_NO_PIC = NO;
				GCC_NO_COMMON_BLOCKS = YES;
				GCC_OPTIMIZATION_LEVEL = 0;
				GCC_PREPROCESSOR_DEFINITIONS = (
					"DEBUG=1",
					"$(inherited)",
				);
				GCC_WARN_64_TO_32_BIT_CONVERSION = YES;
				GCC_WARN_ABOUT_RETURN_TYPE = YES_ERROR;
				GCC_WARN_UNDECLARED_SELECTOR = YES;
				GCC_WARN_UNINITIALIZED_AUTOS = YES_AGGRESSIVE;
				GCC_WARN_UNUSED_FUNCTION = YES;
				GCC_WARN_UNUSED_VARIABLE = YES;
				IPHONEOS_DEPLOYMENT_TARGET = 15.5;
				MTL_ENABLE_DEBUG_INFO = INCLUDE_SOURCE;
				MTL_FAST_MATH = YES;
				ONLY_ACTIVE_ARCH = YES;
				SDKROOT = iphoneos;
				SWIFT_ACTIVE_COMPILATION_CONDITIONS = DEBUG;
				SWIFT_OPTIMIZATION_LEVEL = "-Onone";
			};
			name = Debug;
		};
		C6BD7B612D6728B0003122D7 /* Release */ = {
			isa = XCBuildConfiguration;
			buildSettings = {
				ALWAYS_SEARCH_USER_PATHS = NO;
				CLANG_ANALYZER_NONNULL = YES;
				CLANG_ANALYZER_NUMBER_OBJECT_CONVERSION = YES_AGGRESSIVE;
				CLANG_CXX_LANGUAGE_STANDARD = "gnu++17";
				CLANG_ENABLE_MODULES = YES;
				CLANG_ENABLE_OBJC_ARC = YES;
				CLANG_ENABLE_OBJC_WEAK = YES;
				CLANG_WARN_BLOCK_CAPTURE_AUTORELEASING = YES;
				CLANG_WARN_BOOL_CONVERSION = YES;
				CLANG_WARN_COMMA = YES;
				CLANG_WARN_CONSTANT_CONVERSION = YES;
				CLANG_WARN_DEPRECATED_OBJC_IMPLEMENTATIONS = YES;
				CLANG_WARN_DIRECT_OBJC_ISA_USAGE = YES_ERROR;
				CLANG_WARN_DOCUMENTATION_COMMENTS = YES;
				CLANG_WARN_EMPTY_BODY = YES;
				CLANG_WARN_ENUM_CONVERSION = YES;
				CLANG_WARN_INFINITE_RECURSION = YES;
				CLANG_WARN_INT_CONVERSION = YES;
				CLANG_WARN_NON_LITERAL_NULL_CONVERSION = YES;
				CLANG_WARN_OBJC_IMPLICIT_RETAIN_SELF = YES;
				CLANG_WARN_OBJC_LITERAL_CONVERSION = YES;
				CLANG_WARN_OBJC_ROOT_CLASS = YES_ERROR;
				CLANG_WARN_QUOTED_INCLUDE_IN_FRAMEWORK_HEADER = YES;
				CLANG_WARN_RANGE_LOOP_ANALYSIS = YES;
				CLANG_WARN_STRICT_PROTOTYPES = YES;
				CLANG_WARN_SUSPICIOUS_MOVE = YES;
				CLANG_WARN_UNGUARDED_AVAILABILITY = YES_AGGRESSIVE;
				CLANG_WARN_UNREACHABLE_CODE = YES;
				CLANG_WARN__DUPLICATE_METHOD_MATCH = YES;
				COPY_PHASE_STRIP = NO;
				DEBUG_INFORMATION_FORMAT = "dwarf-with-dsym";
				ENABLE_NS_ASSERTIONS = NO;
				ENABLE_STRICT_OBJC_MSGSEND = YES;
				GCC_C_LANGUAGE_STANDARD = gnu11;
				GCC_NO_COMMON_BLOCKS = YES;
				GCC_WARN_64_TO_32_BIT_CONVERSION = YES;
				GCC_WARN_ABOUT_RETURN_TYPE = YES_ERROR;
				GCC_WARN_UNDECLARED_SELECTOR = YES;
				GCC_WARN_UNINITIALIZED_AUTOS = YES_AGGRESSIVE;
				GCC_WARN_UNUSED_FUNCTION = YES;
				GCC_WARN_UNUSED_VARIABLE = YES;
				IPHONEOS_DEPLOYMENT_TARGET = 15.5;
				MTL_ENABLE_DEBUG_INFO = NO;
				MTL_FAST_MATH = YES;
				SDKROOT = iphoneos;
				SWIFT_COMPILATION_MODE = wholemodule;
				SWIFT_OPTIMIZATION_LEVEL = "-O";
				VALIDATE_PRODUCT = YES;
			};
			name = Release;
		};
		C6BD7B632D6728B0003122D7 /* Debug */ = {
			isa = XCBuildConfiguration;
			buildSettings = {
				ASSETCATALOG_COMPILER_APPICON_NAME = AppIcon;
				ASSETCATALOG_COMPILER_GLOBAL_ACCENT_COLOR_NAME = AccentColor;
				CODE_SIGN_STYLE = Automatic;
				CURRENT_PROJECT_VERSION = 1;
				DEVELOPMENT_ASSET_PATHS = "\"Crypto Ranking App/Preview Content\"";
				ENABLE_PREVIEWS = YES;
				GENERATE_INFOPLIST_FILE = YES;
				INFOPLIST_KEY_UIApplicationSceneManifest_Generation = YES;
				INFOPLIST_KEY_UIApplicationSupportsIndirectInputEvents = YES;
				INFOPLIST_KEY_UILaunchScreen_Generation = YES;
				INFOPLIST_KEY_UISupportedInterfaceOrientations_iPad = "UIInterfaceOrientationPortrait UIInterfaceOrientationPortraitUpsideDown UIInterfaceOrientationLandscapeLeft UIInterfaceOrientationLandscapeRight";
				INFOPLIST_KEY_UISupportedInterfaceOrientations_iPhone = "UIInterfaceOrientationPortrait UIInterfaceOrientationLandscapeLeft UIInterfaceOrientationLandscapeRight";
				LD_RUNPATH_SEARCH_PATHS = (
					"$(inherited)",
					"@executable_path/Frameworks",
				);
				MARKETING_VERSION = 1.0;
				PRODUCT_BUNDLE_IDENTIFIER = "com.polnash.Crypto-Ranking-App";
				PRODUCT_NAME = "$(TARGET_NAME)";
				SWIFT_EMIT_LOC_STRINGS = YES;
				SWIFT_VERSION = 5.0;
				TARGETED_DEVICE_FAMILY = "1,2";
			};
			name = Debug;
		};
		C6BD7B642D6728B0003122D7 /* Release */ = {
			isa = XCBuildConfiguration;
			buildSettings = {
				ASSETCATALOG_COMPILER_APPICON_NAME = AppIcon;
				ASSETCATALOG_COMPILER_GLOBAL_ACCENT_COLOR_NAME = AccentColor;
				CODE_SIGN_STYLE = Automatic;
				CURRENT_PROJECT_VERSION = 1;
				DEVELOPMENT_ASSET_PATHS = "\"Crypto Ranking App/Preview Content\"";
				ENABLE_PREVIEWS = YES;
				GENERATE_INFOPLIST_FILE = YES;
				INFOPLIST_KEY_UIApplicationSceneManifest_Generation = YES;
				INFOPLIST_KEY_UIApplicationSupportsIndirectInputEvents = YES;
				INFOPLIST_KEY_UILaunchScreen_Generation = YES;
				INFOPLIST_KEY_UISupportedInterfaceOrientations_iPad = "UIInterfaceOrientationPortrait UIInterfaceOrientationPortraitUpsideDown UIInterfaceOrientationLandscapeLeft UIInterfaceOrientationLandscapeRight";
				INFOPLIST_KEY_UISupportedInterfaceOrientations_iPhone = "UIInterfaceOrientationPortrait UIInterfaceOrientationLandscapeLeft UIInterfaceOrientationLandscapeRight";
				LD_RUNPATH_SEARCH_PATHS = (
					"$(inherited)",
					"@executable_path/Frameworks",
				);
				MARKETING_VERSION = 1.0;
				PRODUCT_BUNDLE_IDENTIFIER = "com.polnash.Crypto-Ranking-App";
				PRODUCT_NAME = "$(TARGET_NAME)";
				SWIFT_EMIT_LOC_STRINGS = YES;
				SWIFT_VERSION = 5.0;
				TARGETED_DEVICE_FAMILY = "1,2";
			};
			name = Release;
		};
		C6BD7B662D6728B0003122D7 /* Debug */ = {
			isa = XCBuildConfiguration;
			buildSettings = {
				ALWAYS_EMBED_SWIFT_STANDARD_LIBRARIES = YES;
				BUNDLE_LOADER = "$(TEST_HOST)";
				CODE_SIGN_STYLE = Automatic;
				CURRENT_PROJECT_VERSION = 1;
				GENERATE_INFOPLIST_FILE = YES;
				IPHONEOS_DEPLOYMENT_TARGET = 15.5;
				MARKETING_VERSION = 1.0;
				PRODUCT_BUNDLE_IDENTIFIER = "com.polnash.Crypto-Ranking-AppTests";
				PRODUCT_NAME = "$(TARGET_NAME)";
				SWIFT_EMIT_LOC_STRINGS = NO;
				SWIFT_VERSION = 5.0;
				TARGETED_DEVICE_FAMILY = "1,2";
				TEST_HOST = "$(BUILT_PRODUCTS_DIR)/Crypto Ranking App.app/Crypto Ranking App";
			};
			name = Debug;
		};
		C6BD7B672D6728B0003122D7 /* Release */ = {
			isa = XCBuildConfiguration;
			buildSettings = {
				ALWAYS_EMBED_SWIFT_STANDARD_LIBRARIES = YES;
				BUNDLE_LOADER = "$(TEST_HOST)";
				CODE_SIGN_STYLE = Automatic;
				CURRENT_PROJECT_VERSION = 1;
				GENERATE_INFOPLIST_FILE = YES;
				IPHONEOS_DEPLOYMENT_TARGET = 15.5;
				MARKETING_VERSION = 1.0;
				PRODUCT_BUNDLE_IDENTIFIER = "com.polnash.Crypto-Ranking-AppTests";
				PRODUCT_NAME = "$(TARGET_NAME)";
				SWIFT_EMIT_LOC_STRINGS = NO;
				SWIFT_VERSION = 5.0;
				TARGETED_DEVICE_FAMILY = "1,2";
				TEST_HOST = "$(BUILT_PRODUCTS_DIR)/Crypto Ranking App.app/Crypto Ranking App";
			};
			name = Release;
		};
		C6BD7B692D6728B0003122D7 /* Debug */ = {
			isa = XCBuildConfiguration;
			buildSettings = {
				ALWAYS_EMBED_SWIFT_STANDARD_LIBRARIES = YES;
				CODE_SIGN_STYLE = Automatic;
				CURRENT_PROJECT_VERSION = 1;
				GENERATE_INFOPLIST_FILE = YES;
				MARKETING_VERSION = 1.0;
				PRODUCT_BUNDLE_IDENTIFIER = "com.polnash.Crypto-Ranking-AppUITests";
				PRODUCT_NAME = "$(TARGET_NAME)";
				SWIFT_EMIT_LOC_STRINGS = NO;
				SWIFT_VERSION = 5.0;
				TARGETED_DEVICE_FAMILY = "1,2";
				TEST_TARGET_NAME = "Crypto Ranking App";
			};
			name = Debug;
		};
		C6BD7B6A2D6728B0003122D7 /* Release */ = {
			isa = XCBuildConfiguration;
			buildSettings = {
				ALWAYS_EMBED_SWIFT_STANDARD_LIBRARIES = YES;
				CODE_SIGN_STYLE = Automatic;
				CURRENT_PROJECT_VERSION = 1;
				GENERATE_INFOPLIST_FILE = YES;
				MARKETING_VERSION = 1.0;
				PRODUCT_BUNDLE_IDENTIFIER = "com.polnash.Crypto-Ranking-AppUITests";
				PRODUCT_NAME = "$(TARGET_NAME)";
				SWIFT_EMIT_LOC_STRINGS = NO;
				SWIFT_VERSION = 5.0;
				TARGETED_DEVICE_FAMILY = "1,2";
				TEST_TARGET_NAME = "Crypto Ranking App";
			};
			name = Release;
		};
/* End XCBuildConfiguration section */

/* Begin XCConfigurationList section */
		C60D2E1E2D7271050051A371 /* Build configuration list for PBXNativeTarget "APIManagerTests" */ = {
			isa = XCConfigurationList;
			buildConfigurations = (
				C60D2E1F2D7271050051A371 /* Debug */,
				C60D2E202D7271050051A371 /* Release */,
			);
			defaultConfigurationIsVisible = 0;
			defaultConfigurationName = Release;
		};
		C6BD7B392D6728AA003122D7 /* Build configuration list for PBXProject "Crypto Ranking App" */ = {
			isa = XCConfigurationList;
			buildConfigurations = (
				C6BD7B602D6728B0003122D7 /* Debug */,
				C6BD7B612D6728B0003122D7 /* Release */,
			);
			defaultConfigurationIsVisible = 0;
			defaultConfigurationName = Release;
		};
		C6BD7B622D6728B0003122D7 /* Build configuration list for PBXNativeTarget "Crypto Ranking App" */ = {
			isa = XCConfigurationList;
			buildConfigurations = (
				C6BD7B632D6728B0003122D7 /* Debug */,
				C6BD7B642D6728B0003122D7 /* Release */,
			);
			defaultConfigurationIsVisible = 0;
			defaultConfigurationName = Release;
		};
		C6BD7B652D6728B0003122D7 /* Build configuration list for PBXNativeTarget "Crypto Ranking AppTests" */ = {
			isa = XCConfigurationList;
			buildConfigurations = (
				C6BD7B662D6728B0003122D7 /* Debug */,
				C6BD7B672D6728B0003122D7 /* Release */,
			);
			defaultConfigurationIsVisible = 0;
			defaultConfigurationName = Release;
		};
		C6BD7B682D6728B0003122D7 /* Build configuration list for PBXNativeTarget "Crypto Ranking AppUITests" */ = {
			isa = XCConfigurationList;
			buildConfigurations = (
				C6BD7B692D6728B0003122D7 /* Debug */,
				C6BD7B6A2D6728B0003122D7 /* Release */,
			);
			defaultConfigurationIsVisible = 0;
			defaultConfigurationName = Release;
		};
/* End XCConfigurationList section */

/* Begin XCRemoteSwiftPackageReference section */
		C60D2DF72D68C2BE0051A371 /* XCRemoteSwiftPackageReference "SVGKit" */ = {
			isa = XCRemoteSwiftPackageReference;
			repositoryURL = "https://github.com/SVGKit/SVGKit.git";
			requirement = {
				branch = 3.x;
				kind = branch;
			};
		};
		C60D2E112D71F87F0051A371 /* XCRemoteSwiftPackageReference "ChartView" */ = {
			isa = XCRemoteSwiftPackageReference;
			repositoryURL = "https://github.com/AppPear/ChartView.git";
			requirement = {
				kind = upToNextMajorVersion;
				minimumVersion = 1.0.0;
			};
		};
/* End XCRemoteSwiftPackageReference section */

/* Begin XCSwiftPackageProductDependency section */
		C60D2DF82D68C2BE0051A371 /* SVGKit */ = {
			isa = XCSwiftPackageProductDependency;
			package = C60D2DF72D68C2BE0051A371 /* XCRemoteSwiftPackageReference "SVGKit" */;
			productName = SVGKit;
		};
		C60D2DFA2D68C2BE0051A371 /* SVGKitSwift */ = {
			isa = XCSwiftPackageProductDependency;
			package = C60D2DF72D68C2BE0051A371 /* XCRemoteSwiftPackageReference "SVGKit" */;
			productName = SVGKitSwift;
		};
		C60D2E122D71F87F0051A371 /* SwiftUICharts */ = {
			isa = XCSwiftPackageProductDependency;
			package = C60D2E112D71F87F0051A371 /* XCRemoteSwiftPackageReference "ChartView" */;
			productName = SwiftUICharts;
		};
/* End XCSwiftPackageProductDependency section */
	};
	rootObject = C6BD7B362D6728AA003122D7 /* Project object */;
}
